{
  "pins" : [
    {
      "identity" : "mapbox-common-ios",
      "kind" : "remoteSourceControl",
      "location" : "https://github.com/mapbox/mapbox-common-ios.git",
      "state" : {
        "revision" : "e39540d5e8c8709db5ca53f0fdaeea64e351548c",
        "version" : "22.1.0"
      }
    },
    {
      "identity" : "mapbox-core-maps-ios",
      "kind" : "remoteSourceControl",
      "location" : "https://github.com/mapbox/mapbox-core-maps-ios.git",
      "state" : {
        "revision" : "2d9dc9f1fddf7e5fc14701b4d151b960c9c8745d",
        "version" : "10.7.0"
      }
    },
    {
      "identity" : "mapbox-events-ios",
      "kind" : "remoteSourceControl",
      "location" : "https://github.com/mapbox/mapbox-events-ios.git",
      "state" : {
        "revision" : "5e130fba637f5bbb0bb8bca0dec8d38a06ce07bf",
        "version" : "1.0.8"
      }
    },
    {
      "identity" : "mapbox-maps-ios",
      "kind" : "remoteSourceControl",
      "location" : "https://github.com/mapbox/mapbox-maps-ios.git",
      "state" : {
        "branch" : "main",
        "revision" : "e2d6f0ce223a045b310e5021917564420c555d7d"
      }
    },
    {
      "identity" : "turf-swift",
      "kind" : "remoteSourceControl",
      "location" : "https://github.com/mapbox/turf-swift.git",
      "state" : {
        "revision" : "569e0f0e96fda86e1a1dcefaefa68cfa9491ffc1",
        "version" : "2.4.0"
      }
    }
  ],
  "version" : 2
}
